// !$*UTF8*$!
{
	archiveVersion = 1;
	classes = {
	};
	objectVersion = 56;
	objects = {

/* Begin PBXBuildFile section */
		3B8CBA562A13BC42009F7ABF /* AppDelegate.swift in Sources */ = {isa = PBXBuildFile; fileRef = 3B8CBA552A13BC42009F7ABF /* AppDelegate.swift */; };
		3B8CBA582A13BC42009F7ABF /* SceneDelegate.swift in Sources */ = {isa = PBXBuildFile; fileRef = 3B8CBA572A13BC42009F7ABF /* SceneDelegate.swift */; };
		3B8CBA5A2A13BC42009F7ABF /* ViewController.swift in Sources */ = {isa = PBXBuildFile; fileRef = 3B8CBA592A13BC42009F7ABF /* ViewController.swift */; };
		3B8CBA5D2A13BC42009F7ABF /* Main.storyboard in Resources */ = {isa = PBXBuildFile; fileRef = 3B8CBA5B2A13BC42009F7ABF /* Main.storyboard */; };
		3B8CBA5F2A13BC43009F7ABF /* Assets.xcassets in Resources */ = {isa = PBXBuildFile; fileRef = 3B8CBA5E2A13BC43009F7ABF /* Assets.xcassets */; };
		3B8CBA622A13BC43009F7ABF /* LaunchScreen.storyboard in Resources */ = {isa = PBXBuildFile; fileRef = 3B8CBA602A13BC43009F7ABF /* LaunchScreen.storyboard */; };
		3B8CBA6A2A13C027009F7ABF /* CreateIDController.swift in Sources */ = {isa = PBXBuildFile; fileRef = 3B8CBA692A13C027009F7ABF /* CreateIDController.swift */; };
/* End PBXBuildFile section */

/* Begin PBXFileReference section */
		3B8CBA522A13BC42009F7ABF /* SeventhWeek-Mission.app */ = {isa = PBXFileReference; explicitFileType = wrapper.application; includeInIndex = 0; path = "SeventhWeek-Mission.app"; sourceTree = BUILT_PRODUCTS_DIR; };
		3B8CBA552A13BC42009F7ABF /* AppDelegate.swift */ = {isa = PBXFileReference; lastKnownFileType = sourcecode.swift; path = AppDelegate.swift; sourceTree = "<group>"; };
		3B8CBA572A13BC42009F7ABF /* SceneDelegate.swift */ = {isa = PBXFileReference; lastKnownFileType = sourcecode.swift; path = SceneDelegate.swift; sourceTree = "<group>"; };
		3B8CBA592A13BC42009F7ABF /* ViewController.swift */ = {isa = PBXFileReference; lastKnownFileType = sourcecode.swift; path = ViewController.swift; sourceTree = "<group>"; };
		3B8CBA5C2A13BC42009F7ABF /* Base */ = {isa = PBXFileReference; lastKnownFileType = file.storyboard; name = Base; path = Base.lproj/Main.storyboard; sourceTree = "<group>"; };
		3B8CBA5E2A13BC43009F7ABF /* Assets.xcassets */ = {isa = PBXFileReference; lastKnownFileType = folder.assetcatalog; path = Assets.xcassets; sourceTree = "<group>"; };
		3B8CBA612A13BC43009F7ABF /* Base */ = {isa = PBXFileReference; lastKnownFileType = file.storyboard; name = Base; path = Base.lproj/LaunchScreen.storyboard; sourceTree = "<group>"; };
		3B8CBA632A13BC43009F7ABF /* Info.plist */ = {isa = PBXFileReference; lastKnownFileType = text.plist.xml; path = Info.plist; sourceTree = "<group>"; };
		3B8CBA692A13C027009F7ABF /* CreateIDController.swift */ = {isa = PBXFileReference; lastKnownFileType = sourcecode.swift; path = CreateIDController.swift; sourceTree = "<group>"; };
/* End PBXFileReference section */

/* Begin PBXFrameworksBuildPhase section */
		3B8CBA4F2A13BC42009F7ABF /* Frameworks */ = {
			isa = PBXFrameworksBuildPhase;
			buildActionMask = 2147483647;
			files = (
			);
			runOnlyForDeploymentPostprocessing = 0;
		};
/* End PBXFrameworksBuildPhase section */

/* Begin PBXGroup section */
		3B8CBA492A13BC42009F7ABF = {
			isa = PBXGroup;
			children = (
				3B8CBA542A13BC42009F7ABF /* SeventhWeek-Mission */,
				3B8CBA532A13BC42009F7ABF /* Products */,
			);
			sourceTree = "<group>";
		};
		3B8CBA532A13BC42009F7ABF /* Products */ = {
			isa = PBXGroup;
			children = (
				3B8CBA522A13BC42009F7ABF /* SeventhWeek-Mission.app */,
			);
			name = Products;
			sourceTree = "<group>";
		};
		3B8CBA542A13BC42009F7ABF /* SeventhWeek-Mission */ = {
			isa = PBXGroup;
			children = (
				3B8CBA552A13BC42009F7ABF /* AppDelegate.swift */,
				3B8CBA572A13BC42009F7ABF /* SceneDelegate.swift */,
				3B8CBA592A13BC42009F7ABF /* ViewController.swift */,
				3B8CBA692A13C027009F7ABF /* CreateIDController.swift */,
				3B8CBA5B2A13BC42009F7ABF /* Main.storyboard */,
				3B8CBA5E2A13BC43009F7ABF /* Assets.xcassets */,
				3B8CBA602A13BC43009F7ABF /* LaunchScreen.storyboard */,
				3B8CBA632A13BC43009F7ABF /* Info.plist */,
			);
			path = "SeventhWeek-Mission";
			sourceTree = "<group>";
		};
/* End PBXGroup section */

/* Begin PBXNativeTarget section */
		3B8CBA512A13BC42009F7ABF /* SeventhWeek-Mission */ = {
			isa = PBXNativeTarget;
			buildConfigurationList = 3B8CBA662A13BC43009F7ABF /* Build configuration list for PBXNativeTarget "SeventhWeek-Mission" */;
			buildPhases = (
				3B8CBA4E2A13BC42009F7ABF /* Sources */,
				3B8CBA4F2A13BC42009F7ABF /* Frameworks */,
				3B8CBA502A13BC42009F7ABF /* Resources */,
			);
			buildRules = (
			);
			dependencies = (
			);
			name = "SeventhWeek-Mission";
			productName = "SeventhWeek-Mission";
			productReference = 3B8CBA522A13BC42009F7ABF /* SeventhWeek-Mission.app */;
			productType = "com.apple.product-type.application";
		};
/* End PBXNativeTarget section */

/* Begin PBXProject section */
		3B8CBA4A2A13BC42009F7ABF /* Project object */ = {
			isa = PBXProject;
			attributes = {
				BuildIndependentTargetsInParallel = 1;
				LastSwiftUpdateCheck = 1430;
				LastUpgradeCheck = 1430;
				TargetAttributes = {
					3B8CBA512A13BC42009F7ABF = {
						CreatedOnToolsVersion = 14.3;
					};
				};
			};
			buildConfigurationList = 3B8CBA4D2A13BC42009F7ABF /* Build configuration list for PBXProject "SeventhWeek-Mission" */;
			compatibilityVersion = "Xcode 14.0";
			developmentRegion = en;
			hasScannedForEncodings = 0;
			knownRegions = (
				en,
				Base,
			);
			mainGroup = 3B8CBA492A13BC42009F7ABF;
			productRefGroup = 3B8CBA532A13BC42009F7ABF /* Products */;
			projectDirPath = "";
			projectRoot = "";
			targets = (
				3B8CBA512A13BC42009F7ABF /* SeventhWeek-Mission */,
			);
		};
/* End PBXProject section */

/* Begin PBXResourcesBuildPhase section */
		3B8CBA502A13BC42009F7ABF /* Resources */ = {
			isa = PBXResourcesBuildPhase;
			buildActionMask = 2147483647;
			files = (
				3B8CBA622A13BC43009F7ABF /* LaunchScreen.storyboard in Resources */,
				3B8CBA5F2A13BC43009F7ABF /* Assets.xcassets in Resources */,
				3B8CBA5D2A13BC42009F7ABF /* Main.storyboard in Resources */,
			);
			runOnlyForDeploymentPostprocessing = 0;
		};
/* End PBXResourcesBuildPhase section */

/* Begin PBXSourcesBuildPhase section */
		3B8CBA4E2A13BC42009F7ABF /* Sources */ = {
			isa = PBXSourcesBuildPhase;
			buildActionMask = 2147483647;
			files = (
				3B8CBA6A2A13C027009F7ABF /* CreateIDController.swift in Sources */,
				3B8CBA5A2A13BC42009F7ABF /* ViewController.swift in Sources */,
				3B8CBA562A13BC42009F7ABF /* AppDelegate.swift in Sources */,
				3B8CBA582A13BC42009F7ABF /* SceneDelegate.swift in Sources */,
			);
			runOnlyForDeploymentPostprocessing = 0;
		};
/* End PBXSourcesBuildPhase section */

/* Begin PBXVariantGroup section */
		3B8CBA5B2A13BC42009F7ABF /* Main.storyboard */ = {
			isa = PBXVariantGroup;
			children = (
				3B8CBA5C2A13BC42009F7ABF /* Base */,
			);
			name = Main.storyboard;
			sourceTree = "<group>";
		};
		3B8CBA602A13BC43009F7ABF /* LaunchScreen.storyboard */ = {
			isa = PBXVariantGroup;
			children = (
				3B8CBA612A13BC43009F7ABF /* Base */,
			);
			name = LaunchScreen.storyboard;
			sourceTree = "<group>";
		};
/* End PBXVariantGroup section */

/* Begin XCBuildConfiguration section */
		3B8CBA642A13BC43009F7ABF /* Debug */ = {
			isa = XCBuildConfiguration;
			buildSettings = {
				ALWAYS_SEARCH_USER_PATHS = NO;
				CLANG_ANALYZER_NONNULL = YES;
				CLANG_ANALYZER_NUMBER_OBJECT_CONVERSION = YES_AGGRESSIVE;
				CLANG_CXX_LANGUAGE_STANDARD = "gnu++20";
				CLANG_ENABLE_MODULES = YES;
				CLANG_ENABLE_OBJC_ARC = YES;
				CLANG_ENABLE_OBJC_WEAK = YES;
				CLANG_WARN_BLOCK_CAPTURE_AUTORELEASING = YES;
				CLANG_WARN_BOOL_CONVERSION = YES;
				CLANG_WARN_COMMA = YES;
				CLANG_WARN_CONSTANT_CONVERSION = YES;
				CLANG_WARN_DEPRECATED_OBJC_IMPLEMENTATIONS = YES;
				CLANG_WARN_DIRECT_OBJC_ISA_USAGE = YES_ERROR;
				CLANG_WARN_DOCUMENTATION_COMMENTS = YES;
				CLANG_WARN_EMPTY_BODY = YES;
				CLANG_WARN_ENUM_CONVERSION = YES;
				CLANG_WARN_INFINITE_RECURSION = YES;
				CLANG_WARN_INT_CONVERSION = YES;
				CLANG_WARN_NON_LITERAL_NULL_CONVERSION = YES;
				CLANG_WARN_OBJC_IMPLICIT_RETAIN_SELF = YES;
				CLANG_WARN_OBJC_LITERAL_CONVERSION = YES;
				CLANG_WARN_OBJC_ROOT_CLASS = YES_ERROR;
				CLANG_WARN_QUOTED_INCLUDE_IN_FRAMEWORK_HEADER = YES;
				CLANG_WARN_RANGE_LOOP_ANALYSIS = YES;
				CLANG_WARN_STRICT_PROTOTYPES = YES;
				CLANG_WARN_SUSPICIOUS_MOVE = YES;
				CLANG_WARN_UNGUARDED_AVAILABILITY = YES_AGGRESSIVE;
				CLANG_WARN_UNREACHABLE_CODE = YES;
				CLANG_WARN__DUPLICATE_METHOD_MATCH = YES;
				COPY_PHASE_STRIP = NO;
				DEBUG_INFORMATION_FORMAT = dwarf;
				ENABLE_STRICT_OBJC_MSGSEND = YES;
				ENABLE_TESTABILITY = YES;
				GCC_C_LANGUAGE_STANDARD = gnu11;
				GCC_DYNAMIC_NO_PIC = NO;
				GCC_NO_COMMON_BLOCKS = YES;
				GCC_OPTIMIZATION_LEVEL = 0;
				GCC_PREPROCESSOR_DEFINITIONS = (
					"DEBUG=1",
					"$(inherited)",
				);
				GCC_WARN_64_TO_32_BIT_CONVERSION = YES;
				GCC_WARN_ABOUT_RETURN_TYPE = YES_ERROR;
				GCC_WARN_UNDECLARED_SELECTOR = YES;
				GCC_WARN_UNINITIALIZED_AUTOS = YES_AGGRESSIVE;
				GCC_WARN_UNUSED_FUNCTION = YES;
				GCC_WARN_UNUSED_VARIABLE = YES;
				IPHONEOS_DEPLOYMENT_TARGET = 16.4;
				MTL_ENABLE_DEBUG_INFO = INCLUDE_SOURCE;
				MTL_FAST_MATH = YES;
				ONLY_ACTIVE_ARCH = YES;
				SDKROOT = iphoneos;
				SWIFT_ACTIVE_COMPILATION_CONDITIONS = DEBUG;
				SWIFT_OPTIMIZATION_LEVEL = "-Onone";
			};
			name = Debug;
		};
		3B8CBA652A13BC43009F7ABF /* Release */ = {
			isa = XCBuildConfiguration;
			buildSettings = {
				ALWAYS_SEARCH_USER_PATHS = NO;
				CLANG_ANALYZER_NONNULL = YES;
				CLANG_ANALYZER_NUMBER_OBJECT_CONVERSION = YES_AGGRESSIVE;
				CLANG_CXX_LANGUAGE_STANDARD = "gnu++20";
				CLANG_ENABLE_MODULES = YES;
				CLANG_ENABLE_OBJC_ARC = YES;
				CLANG_ENABLE_OBJC_WEAK = YES;
				CLANG_WARN_BLOCK_CAPTURE_AUTORELEASING = YES;
				CLANG_WARN_BOOL_CONVERSION = YES;
				CLANG_WARN_COMMA = YES;
				CLANG_WARN_CONSTANT_CONVERSION = YES;
				CLANG_WARN_DEPRECATED_OBJC_IMPLEMENTATIONS = YES;
				CLANG_WARN_DIRECT_OBJC_ISA_USAGE = YES_ERROR;
				CLANG_WARN_DOCUMENTATION_COMMENTS = YES;
				CLANG_WARN_EMPTY_BODY = YES;
				CLANG_WARN_ENUM_CONVERSION = YES;
				CLANG_WARN_INFINITE_RECURSION = YES;
				CLANG_WARN_INT_CONVERSION = YES;
				CLANG_WARN_NON_LITERAL_NULL_CONVERSION = YES;
				CLANG_WARN_OBJC_IMPLICIT_RETAIN_SELF = YES;
				CLANG_WARN_OBJC_LITERAL_CONVERSION = YES;
				CLANG_WARN_OBJC_ROOT_CLASS = YES_ERROR;
				CLANG_WARN_QUOTED_INCLUDE_IN_FRAMEWORK_HEADER = YES;
				CLANG_WARN_RANGE_LOOP_ANALYSIS = YES;
				CLANG_WARN_STRICT_PROTOTYPES = YES;
				CLANG_WARN_SUSPICIOUS_MOVE = YES;
				CLANG_WARN_UNGUARDED_AVAILABILITY = YES_AGGRESSIVE;
				CLANG_WARN_UNREACHABLE_CODE = YES;
				CLANG_WARN__DUPLICATE_METHOD_MATCH = YES;
				COPY_PHASE_STRIP = NO;
				DEBUG_INFORMATION_FORMAT = "dwarf-with-dsym";
				ENABLE_NS_ASSERTIONS = NO;
				ENABLE_STRICT_OBJC_MSGSEND = YES;
				GCC_C_LANGUAGE_STANDARD = gnu11;
				GCC_NO_COMMON_BLOCKS = YES;
				GCC_WARN_64_TO_32_BIT_CONVERSION = YES;
				GCC_WARN_ABOUT_RETURN_TYPE = YES_ERROR;
				GCC_WARN_UNDECLARED_SELECTOR = YES;
				GCC_WARN_UNINITIALIZED_AUTOS = YES_AGGRESSIVE;
				GCC_WARN_UNUSED_FUNCTION = YES;
				GCC_WARN_UNUSED_VARIABLE = YES;
				IPHONEOS_DEPLOYMENT_TARGET = 16.4;
				MTL_ENABLE_DEBUG_INFO = NO;
				MTL_FAST_MATH = YES;
				SDKROOT = iphoneos;
				SWIFT_COMPILATION_MODE = wholemodule;
				SWIFT_OPTIMIZATION_LEVEL = "-O";
				VALIDATE_PRODUCT = YES;
			};
			name = Release;
		};
		3B8CBA672A13BC43009F7ABF /* Debug */ = {
			isa = XCBuildConfiguration;
			buildSettings = {
				ASSETCATALOG_COMPILER_APPICON_NAME = AppIcon;
				ASSETCATALOG_COMPILER_GLOBAL_ACCENT_COLOR_NAME = AccentColor;
				CODE_SIGN_STYLE = Automatic;
				CURRENT_PROJECT_VERSION = 1;
				DEVELOPMENT_TEAM = SN5J3DYFX4;
				GENERATE_INFOPLIST_FILE = YES;
				INFOPLIST_FILE = "SeventhWeek-Mission/Info.plist";
				INFOPLIST_KEY_UIApplicationSupportsIndirectInputEvents = YES;
				INFOPLIST_KEY_UILaunchStoryboardName = LaunchScreen;
				INFOPLIST_KEY_UIMainStoryboardFile = Main;
				INFOPLIST_KEY_UISupportedInterfaceOrientations_iPad = "UIInterfaceOrientationPortrait UIInterfaceOrientationPortraitUpsideDown UIInterfaceOrientationLandscapeLeft UIInterfaceOrientationLandscapeRight";
				INFOPLIST_KEY_UISupportedInterfaceOrientations_iPhone = "UIInterfaceOrientationPortrait UIInterfaceOrientationLandscapeLeft UIInterfaceOrientationLandscapeRight";
				LD_RUNPATH_SEARCH_PATHS = (
					"$(inherited)",
					"@executable_path/Frameworks",
				);
				MARKETING_VERSION = 1.0;
				PRODUCT_BUNDLE_IDENTIFIER = "JJ.SeventhWeek-Mission";
				PRODUCT_NAME = "$(TARGET_NAME)";
				SWIFT_EMIT_LOC_STRINGS = YES;
				SWIFT_VERSION = 5.0;
				TARGETED_DEVICE_FAMILY = "1,2";
			};
			name = Debug;
		};
		3B8CBA682A13BC43009F7ABF /* Release */ = {
			isa = XCBuildConfiguration;
			buildSettings = {
				ASSETCATALOG_COMPILER_APPICON_NAME = AppIcon;
				ASSETCATALOG_COMPILER_GLOBAL_ACCENT_COLOR_NAME = AccentColor;
				CODE_SIGN_STYLE = Automatic;
				CURRENT_PROJECT_VERSION = 1;
				DEVELOPMENT_TEAM = SN5J3DYFX4;
				GENERATE_INFOPLIST_FILE = YES;
				INFOPLIST_FILE = "SeventhWeek-Mission/Info.plist";
				INFOPLIST_KEY_UIApplicationSupportsIndirectInputEvents = YES;
				INFOPLIST_KEY_UILaunchStoryboardName = LaunchScreen;
				INFOPLIST_KEY_UIMainStoryboardFile = Main;
				INFOPLIST_KEY_UISupportedInterfaceOrientations_iPad = "UIInterfaceOrientationPortrait UIInterfaceOrientationPortraitUpsideDown UIInterfaceOrientationLandscapeLeft UIInterfaceOrientationLandscapeRight";
				INFOPLIST_KEY_UISupportedInterfaceOrientations_iPhone = "UIInterfaceOrientationPortrait UIInterfaceOrientationLandscapeLeft UIInterfaceOrientationLandscapeRight";
				LD_RUNPATH_SEARCH_PATHS = (
					"$(inherited)",
					"@executable_path/Frameworks",
				);
				MARKETING_VERSION = 1.0;
				PRODUCT_BUNDLE_IDENTIFIER = "JJ.SeventhWeek-Mission";
				PRODUCT_NAME = "$(TARGET_NAME)";
				SWIFT_EMIT_LOC_STRINGS = YES;
				SWIFT_VERSION = 5.0;
				TARGETED_DEVICE_FAMILY = "1,2";
			};
			name = Release;
		};
/* End XCBuildConfiguration section */

/* Begin XCConfigurationList section */
		3B8CBA4D2A13BC42009F7ABF /* Build configuration list for PBXProject "SeventhWeek-Mission" */ = {
			isa = XCConfigurationList;
			buildConfigurations = (
				3B8CBA642A13BC43009F7ABF /* Debug */,
				3B8CBA652A13BC43009F7ABF /* Release */,
			);
			defaultConfigurationIsVisible = 0;
			defaultConfigurationName = Release;
		};
		3B8CBA662A13BC43009F7ABF /* Build configuration list for PBXNativeTarget "SeventhWeek-Mission" */ = {
			isa = XCConfigurationList;
			buildConfigurations = (
				3B8CBA672A13BC43009F7ABF /* Debug */,
				3B8CBA682A13BC43009F7ABF /* Release */,
			);
			defaultConfigurationIsVisible = 0;
			defaultConfigurationName = Release;
		};
/* End XCConfigurationList section */
	};
	rootObject = 3B8CBA4A2A13BC42009F7ABF /* Project object */;
}
