// !$*UTF8*$!
{
	archiveVersion = 1;
	classes = {
	};
	objectVersion = 56;
	objects = {

/* Begin PBXBuildFile section */
		57D0DAB32A4355D000C207C8 /* AppDelegate.swift in Sources */ = {isa = PBXBuildFile; fileRef = 57D0DAB22A4355D000C207C8 /* AppDelegate.swift */; };
		57D0DAB52A4355D000C207C8 /* SceneDelegate.swift in Sources */ = {isa = PBXBuildFile; fileRef = 57D0DAB42A4355D000C207C8 /* SceneDelegate.swift */; };
		57D0DAB72A4355D000C207C8 /* ViewController.swift in Sources */ = {isa = PBXBuildFile; fileRef = 57D0DAB62A4355D000C207C8 /* ViewController.swift */; };
		57D0DABA2A4355D000C207C8 /* Main.storyboard in Resources */ = {isa = PBXBuildFile; fileRef = 57D0DAB82A4355D000C207C8 /* Main.storyboard */; };
		57D0DABC2A4355D100C207C8 /* Assets.xcassets in Resources */ = {isa = PBXBuildFile; fileRef = 57D0DABB2A4355D100C207C8 /* Assets.xcassets */; };
		57D0DABF2A4355D100C207C8 /* LaunchScreen.storyboard in Resources */ = {isa = PBXBuildFile; fileRef = 57D0DABD2A4355D100C207C8 /* LaunchScreen.storyboard */; };
		57D0DAC82A43563700C207C8 /* KakaoSDKAuth in Frameworks */ = {isa = PBXBuildFile; productRef = 57D0DAC72A43563700C207C8 /* KakaoSDKAuth */; };
		57D0DACA2A43563700C207C8 /* KakaoSDKCommon in Frameworks */ = {isa = PBXBuildFile; productRef = 57D0DAC92A43563700C207C8 /* KakaoSDKCommon */; };
		57D0DACC2A43563700C207C8 /* KakaoSDKUser in Frameworks */ = {isa = PBXBuildFile; productRef = 57D0DACB2A43563700C207C8 /* KakaoSDKUser */; };
		57D0DACE2A43575200C207C8 /* HomeViewController.swift in Sources */ = {isa = PBXBuildFile; fileRef = 57D0DACD2A43575200C207C8 /* HomeViewController.swift */; };
/* End PBXBuildFile section */

/* Begin PBXFileReference section */
		57D0DAAF2A4355D000C207C8 /* week10_mission.app */ = {isa = PBXFileReference; explicitFileType = wrapper.application; includeInIndex = 0; path = week10_mission.app; sourceTree = BUILT_PRODUCTS_DIR; };
		57D0DAB22A4355D000C207C8 /* AppDelegate.swift */ = {isa = PBXFileReference; lastKnownFileType = sourcecode.swift; path = AppDelegate.swift; sourceTree = "<group>"; };
		57D0DAB42A4355D000C207C8 /* SceneDelegate.swift */ = {isa = PBXFileReference; lastKnownFileType = sourcecode.swift; path = SceneDelegate.swift; sourceTree = "<group>"; };
		57D0DAB62A4355D000C207C8 /* ViewController.swift */ = {isa = PBXFileReference; lastKnownFileType = sourcecode.swift; path = ViewController.swift; sourceTree = "<group>"; };
		57D0DAB92A4355D000C207C8 /* Base */ = {isa = PBXFileReference; lastKnownFileType = file.storyboard; name = Base; path = Base.lproj/Main.storyboard; sourceTree = "<group>"; };
		57D0DABB2A4355D100C207C8 /* Assets.xcassets */ = {isa = PBXFileReference; lastKnownFileType = folder.assetcatalog; path = Assets.xcassets; sourceTree = "<group>"; };
		57D0DABE2A4355D100C207C8 /* Base */ = {isa = PBXFileReference; lastKnownFileType = file.storyboard; name = Base; path = Base.lproj/LaunchScreen.storyboard; sourceTree = "<group>"; };
		57D0DAC02A4355D100C207C8 /* Info.plist */ = {isa = PBXFileReference; lastKnownFileType = text.plist.xml; path = Info.plist; sourceTree = "<group>"; };
		57D0DACD2A43575200C207C8 /* HomeViewController.swift */ = {isa = PBXFileReference; lastKnownFileType = sourcecode.swift; path = HomeViewController.swift; sourceTree = "<group>"; };
/* End PBXFileReference section */

/* Begin PBXFrameworksBuildPhase section */
		57D0DAAC2A4355D000C207C8 /* Frameworks */ = {
			isa = PBXFrameworksBuildPhase;
			buildActionMask = 2147483647;
			files = (
				57D0DACA2A43563700C207C8 /* KakaoSDKCommon in Frameworks */,
				57D0DAC82A43563700C207C8 /* KakaoSDKAuth in Frameworks */,
				57D0DACC2A43563700C207C8 /* KakaoSDKUser in Frameworks */,
			);
			runOnlyForDeploymentPostprocessing = 0;
		};
/* End PBXFrameworksBuildPhase section */

/* Begin PBXGroup section */
		57D0DAA62A4355D000C207C8 = {
			isa = PBXGroup;
			children = (
				57D0DAB12A4355D000C207C8 /* week10_mission */,
				57D0DAB02A4355D000C207C8 /* Products */,
			);
			sourceTree = "<group>";
		};
		57D0DAB02A4355D000C207C8 /* Products */ = {
			isa = PBXGroup;
			children = (
				57D0DAAF2A4355D000C207C8 /* week10_mission.app */,
			);
			name = Products;
			sourceTree = "<group>";
		};
		57D0DAB12A4355D000C207C8 /* week10_mission */ = {
			isa = PBXGroup;
			children = (
				57D0DAB22A4355D000C207C8 /* AppDelegate.swift */,
				57D0DAB42A4355D000C207C8 /* SceneDelegate.swift */,
				57D0DAB62A4355D000C207C8 /* ViewController.swift */,
				57D0DAB82A4355D000C207C8 /* Main.storyboard */,
				57D0DABB2A4355D100C207C8 /* Assets.xcassets */,
				57D0DABD2A4355D100C207C8 /* LaunchScreen.storyboard */,
				57D0DAC02A4355D100C207C8 /* Info.plist */,
				57D0DACD2A43575200C207C8 /* HomeViewController.swift */,
			);
			path = week10_mission;
			sourceTree = "<group>";
		};
/* End PBXGroup section */

/* Begin PBXNativeTarget section */
		57D0DAAE2A4355D000C207C8 /* week10_mission */ = {
			isa = PBXNativeTarget;
			buildConfigurationList = 57D0DAC32A4355D100C207C8 /* Build configuration list for PBXNativeTarget "week10_mission" */;
			buildPhases = (
				57D0DAAB2A4355D000C207C8 /* Sources */,
				57D0DAAC2A4355D000C207C8 /* Frameworks */,
				57D0DAAD2A4355D000C207C8 /* Resources */,
			);
			buildRules = (
			);
			dependencies = (
			);
			name = week10_mission;
			packageProductDependencies = (
				57D0DAC72A43563700C207C8 /* KakaoSDKAuth */,
				57D0DAC92A43563700C207C8 /* KakaoSDKCommon */,
				57D0DACB2A43563700C207C8 /* KakaoSDKUser */,
			);
			productName = week10_mission;
			productReference = 57D0DAAF2A4355D000C207C8 /* week10_mission.app */;
			productType = "com.apple.product-type.application";
		};
/* End PBXNativeTarget section */

/* Begin PBXProject section */
		57D0DAA72A4355D000C207C8 /* Project object */ = {
			isa = PBXProject;
			attributes = {
				BuildIndependentTargetsInParallel = 1;
				LastSwiftUpdateCheck = 1430;
				LastUpgradeCheck = 1430;
				TargetAttributes = {
					57D0DAAE2A4355D000C207C8 = {
						CreatedOnToolsVersion = 14.3;
					};
				};
			};
			buildConfigurationList = 57D0DAAA2A4355D000C207C8 /* Build configuration list for PBXProject "week10_mission" */;
			compatibilityVersion = "Xcode 14.0";
			developmentRegion = en;
			hasScannedForEncodings = 0;
			knownRegions = (
				en,
				Base,
			);
			mainGroup = 57D0DAA62A4355D000C207C8;
			packageReferences = (
				57D0DAC62A43563700C207C8 /* XCRemoteSwiftPackageReference "kakao-ios-sdk" */,
			);
			productRefGroup = 57D0DAB02A4355D000C207C8 /* Products */;
			projectDirPath = "";
			projectRoot = "";
			targets = (
				57D0DAAE2A4355D000C207C8 /* week10_mission */,
			);
		};
/* End PBXProject section */

/* Begin PBXResourcesBuildPhase section */
		57D0DAAD2A4355D000C207C8 /* Resources */ = {
			isa = PBXResourcesBuildPhase;
			buildActionMask = 2147483647;
			files = (
				57D0DABF2A4355D100C207C8 /* LaunchScreen.storyboard in Resources */,
				57D0DABC2A4355D100C207C8 /* Assets.xcassets in Resources */,
				57D0DABA2A4355D000C207C8 /* Main.storyboard in Resources */,
			);
			runOnlyForDeploymentPostprocessing = 0;
		};
/* End PBXResourcesBuildPhase section */

/* Begin PBXSourcesBuildPhase section */
		57D0DAAB2A4355D000C207C8 /* Sources */ = {
			isa = PBXSourcesBuildPhase;
			buildActionMask = 2147483647;
			files = (
				57D0DAB72A4355D000C207C8 /* ViewController.swift in Sources */,
				57D0DAB32A4355D000C207C8 /* AppDelegate.swift in Sources */,
				57D0DAB52A4355D000C207C8 /* SceneDelegate.swift in Sources */,
				57D0DACE2A43575200C207C8 /* HomeViewController.swift in Sources */,
			);
			runOnlyForDeploymentPostprocessing = 0;
		};
/* End PBXSourcesBuildPhase section */

/* Begin PBXVariantGroup section */
		57D0DAB82A4355D000C207C8 /* Main.storyboard */ = {
			isa = PBXVariantGroup;
			children = (
				57D0DAB92A4355D000C207C8 /* Base */,
			);
			name = Main.storyboard;
			sourceTree = "<group>";
		};
		57D0DABD2A4355D100C207C8 /* LaunchScreen.storyboard */ = {
			isa = PBXVariantGroup;
			children = (
				57D0DABE2A4355D100C207C8 /* Base */,
			);
			name = LaunchScreen.storyboard;
			sourceTree = "<group>";
		};
/* End PBXVariantGroup section */

/* Begin XCBuildConfiguration section */
		57D0DAC12A4355D100C207C8 /* Debug */ = {
			isa = XCBuildConfiguration;
			buildSettings = {
				ALWAYS_SEARCH_USER_PATHS = NO;
				CLANG_ANALYZER_NONNULL = YES;
				CLANG_ANALYZER_NUMBER_OBJECT_CONVERSION = YES_AGGRESSIVE;
				CLANG_CXX_LANGUAGE_STANDARD = "gnu++20";
				CLANG_ENABLE_MODULES = YES;
				CLANG_ENABLE_OBJC_ARC = YES;
				CLANG_ENABLE_OBJC_WEAK = YES;
				CLANG_WARN_BLOCK_CAPTURE_AUTORELEASING = YES;
				CLANG_WARN_BOOL_CONVERSION = YES;
				CLANG_WARN_COMMA = YES;
				CLANG_WARN_CONSTANT_CONVERSION = YES;
				CLANG_WARN_DEPRECATED_OBJC_IMPLEMENTATIONS = YES;
				CLANG_WARN_DIRECT_OBJC_ISA_USAGE = YES_ERROR;
				CLANG_WARN_DOCUMENTATION_COMMENTS = YES;
				CLANG_WARN_EMPTY_BODY = YES;
				CLANG_WARN_ENUM_CONVERSION = YES;
				CLANG_WARN_INFINITE_RECURSION = YES;
				CLANG_WARN_INT_CONVERSION = YES;
				CLANG_WARN_NON_LITERAL_NULL_CONVERSION = YES;
				CLANG_WARN_OBJC_IMPLICIT_RETAIN_SELF = YES;
				CLANG_WARN_OBJC_LITERAL_CONVERSION = YES;
				CLANG_WARN_OBJC_ROOT_CLASS = YES_ERROR;
				CLANG_WARN_QUOTED_INCLUDE_IN_FRAMEWORK_HEADER = YES;
				CLANG_WARN_RANGE_LOOP_ANALYSIS = YES;
				CLANG_WARN_STRICT_PROTOTYPES = YES;
				CLANG_WARN_SUSPICIOUS_MOVE = YES;
				CLANG_WARN_UNGUARDED_AVAILABILITY = YES_AGGRESSIVE;
				CLANG_WARN_UNREACHABLE_CODE = YES;
				CLANG_WARN__DUPLICATE_METHOD_MATCH = YES;
				COPY_PHASE_STRIP = NO;
				DEBUG_INFORMATION_FORMAT = dwarf;
				ENABLE_STRICT_OBJC_MSGSEND = YES;
				ENABLE_TESTABILITY = YES;
				GCC_C_LANGUAGE_STANDARD = gnu11;
				GCC_DYNAMIC_NO_PIC = NO;
				GCC_NO_COMMON_BLOCKS = YES;
				GCC_OPTIMIZATION_LEVEL = 0;
				GCC_PREPROCESSOR_DEFINITIONS = (
					"DEBUG=1",
					"$(inherited)",
				);
				GCC_WARN_64_TO_32_BIT_CONVERSION = YES;
				GCC_WARN_ABOUT_RETURN_TYPE = YES_ERROR;
				GCC_WARN_UNDECLARED_SELECTOR = YES;
				GCC_WARN_UNINITIALIZED_AUTOS = YES_AGGRESSIVE;
				GCC_WARN_UNUSED_FUNCTION = YES;
				GCC_WARN_UNUSED_VARIABLE = YES;
				IPHONEOS_DEPLOYMENT_TARGET = 16.4;
				MTL_ENABLE_DEBUG_INFO = INCLUDE_SOURCE;
				MTL_FAST_MATH = YES;
				ONLY_ACTIVE_ARCH = YES;
				SDKROOT = iphoneos;
				SWIFT_ACTIVE_COMPILATION_CONDITIONS = DEBUG;
				SWIFT_OPTIMIZATION_LEVEL = "-Onone";
			};
			name = Debug;
		};
		57D0DAC22A4355D100C207C8 /* Release */ = {
			isa = XCBuildConfiguration;
			buildSettings = {
				ALWAYS_SEARCH_USER_PATHS = NO;
				CLANG_ANALYZER_NONNULL = YES;
				CLANG_ANALYZER_NUMBER_OBJECT_CONVERSION = YES_AGGRESSIVE;
				CLANG_CXX_LANGUAGE_STANDARD = "gnu++20";
				CLANG_ENABLE_MODULES = YES;
				CLANG_ENABLE_OBJC_ARC = YES;
				CLANG_ENABLE_OBJC_WEAK = YES;
				CLANG_WARN_BLOCK_CAPTURE_AUTORELEASING = YES;
				CLANG_WARN_BOOL_CONVERSION = YES;
				CLANG_WARN_COMMA = YES;
				CLANG_WARN_CONSTANT_CONVERSION = YES;
				CLANG_WARN_DEPRECATED_OBJC_IMPLEMENTATIONS = YES;
				CLANG_WARN_DIRECT_OBJC_ISA_USAGE = YES_ERROR;
				CLANG_WARN_DOCUMENTATION_COMMENTS = YES;
				CLANG_WARN_EMPTY_BODY = YES;
				CLANG_WARN_ENUM_CONVERSION = YES;
				CLANG_WARN_INFINITE_RECURSION = YES;
				CLANG_WARN_INT_CONVERSION = YES;
				CLANG_WARN_NON_LITERAL_NULL_CONVERSION = YES;
				CLANG_WARN_OBJC_IMPLICIT_RETAIN_SELF = YES;
				CLANG_WARN_OBJC_LITERAL_CONVERSION = YES;
				CLANG_WARN_OBJC_ROOT_CLASS = YES_ERROR;
				CLANG_WARN_QUOTED_INCLUDE_IN_FRAMEWORK_HEADER = YES;
				CLANG_WARN_RANGE_LOOP_ANALYSIS = YES;
				CLANG_WARN_STRICT_PROTOTYPES = YES;
				CLANG_WARN_SUSPICIOUS_MOVE = YES;
				CLANG_WARN_UNGUARDED_AVAILABILITY = YES_AGGRESSIVE;
				CLANG_WARN_UNREACHABLE_CODE = YES;
				CLANG_WARN__DUPLICATE_METHOD_MATCH = YES;
				COPY_PHASE_STRIP = NO;
				DEBUG_INFORMATION_FORMAT = "dwarf-with-dsym";
				ENABLE_NS_ASSERTIONS = NO;
				ENABLE_STRICT_OBJC_MSGSEND = YES;
				GCC_C_LANGUAGE_STANDARD = gnu11;
				GCC_NO_COMMON_BLOCKS = YES;
				GCC_WARN_64_TO_32_BIT_CONVERSION = YES;
				GCC_WARN_ABOUT_RETURN_TYPE = YES_ERROR;
				GCC_WARN_UNDECLARED_SELECTOR = YES;
				GCC_WARN_UNINITIALIZED_AUTOS = YES_AGGRESSIVE;
				GCC_WARN_UNUSED_FUNCTION = YES;
				GCC_WARN_UNUSED_VARIABLE = YES;
				IPHONEOS_DEPLOYMENT_TARGET = 16.4;
				MTL_ENABLE_DEBUG_INFO = NO;
				MTL_FAST_MATH = YES;
				SDKROOT = iphoneos;
				SWIFT_COMPILATION_MODE = wholemodule;
				SWIFT_OPTIMIZATION_LEVEL = "-O";
				VALIDATE_PRODUCT = YES;
			};
			name = Release;
		};
		57D0DAC42A4355D100C207C8 /* Debug */ = {
			isa = XCBuildConfiguration;
			buildSettings = {
				ASSETCATALOG_COMPILER_APPICON_NAME = AppIcon;
				ASSETCATALOG_COMPILER_GLOBAL_ACCENT_COLOR_NAME = AccentColor;
				CODE_SIGN_STYLE = Automatic;
				CURRENT_PROJECT_VERSION = 1;
				DEVELOPMENT_TEAM = 5DFZR8RCQR;
				GENERATE_INFOPLIST_FILE = YES;
				INFOPLIST_FILE = week10_mission/Info.plist;
				INFOPLIST_KEY_UIApplicationSupportsIndirectInputEvents = YES;
				INFOPLIST_KEY_UILaunchStoryboardName = LaunchScreen;
				INFOPLIST_KEY_UIMainStoryboardFile = Main;
				INFOPLIST_KEY_UISupportedInterfaceOrientations_iPad = "UIInterfaceOrientationPortrait UIInterfaceOrientationPortraitUpsideDown UIInterfaceOrientationLandscapeLeft UIInterfaceOrientationLandscapeRight";
				INFOPLIST_KEY_UISupportedInterfaceOrientations_iPhone = "UIInterfaceOrientationPortrait UIInterfaceOrientationLandscapeLeft UIInterfaceOrientationLandscapeRight";
				LD_RUNPATH_SEARCH_PATHS = (
					"$(inherited)",
					"@executable_path/Frameworks",
				);
				MARKETING_VERSION = 1.0;
				PRODUCT_BUNDLE_IDENTIFIER = "com.gdsc.tuk.week10-mission";
				PRODUCT_NAME = "$(TARGET_NAME)";
				SWIFT_EMIT_LOC_STRINGS = YES;
				SWIFT_VERSION = 5.0;
				TARGETED_DEVICE_FAMILY = "1,2";
			};
			name = Debug;
		};
		57D0DAC52A4355D100C207C8 /* Release */ = {
			isa = XCBuildConfiguration;
			buildSettings = {
				ASSETCATALOG_COMPILER_APPICON_NAME = AppIcon;
				ASSETCATALOG_COMPILER_GLOBAL_ACCENT_COLOR_NAME = AccentColor;
				CODE_SIGN_STYLE = Automatic;
				CURRENT_PROJECT_VERSION = 1;
				DEVELOPMENT_TEAM = 5DFZR8RCQR;
				GENERATE_INFOPLIST_FILE = YES;
				INFOPLIST_FILE = week10_mission/Info.plist;
				INFOPLIST_KEY_UIApplicationSupportsIndirectInputEvents = YES;
				INFOPLIST_KEY_UILaunchStoryboardName = LaunchScreen;
				INFOPLIST_KEY_UIMainStoryboardFile = Main;
				INFOPLIST_KEY_UISupportedInterfaceOrientations_iPad = "UIInterfaceOrientationPortrait UIInterfaceOrientationPortraitUpsideDown UIInterfaceOrientationLandscapeLeft UIInterfaceOrientationLandscapeRight";
				INFOPLIST_KEY_UISupportedInterfaceOrientations_iPhone = "UIInterfaceOrientationPortrait UIInterfaceOrientationLandscapeLeft UIInterfaceOrientationLandscapeRight";
				LD_RUNPATH_SEARCH_PATHS = (
					"$(inherited)",
					"@executable_path/Frameworks",
				);
				MARKETING_VERSION = 1.0;
				PRODUCT_BUNDLE_IDENTIFIER = "com.gdsc.tuk.week10-mission";
				PRODUCT_NAME = "$(TARGET_NAME)";
				SWIFT_EMIT_LOC_STRINGS = YES;
				SWIFT_VERSION = 5.0;
				TARGETED_DEVICE_FAMILY = "1,2";
			};
			name = Release;
		};
/* End XCBuildConfiguration section */

/* Begin XCConfigurationList section */
		57D0DAAA2A4355D000C207C8 /* Build configuration list for PBXProject "week10_mission" */ = {
			isa = XCConfigurationList;
			buildConfigurations = (
				57D0DAC12A4355D100C207C8 /* Debug */,
				57D0DAC22A4355D100C207C8 /* Release */,
			);
			defaultConfigurationIsVisible = 0;
			defaultConfigurationName = Release;
		};
		57D0DAC32A4355D100C207C8 /* Build configuration list for PBXNativeTarget "week10_mission" */ = {
			isa = XCConfigurationList;
			buildConfigurations = (
				57D0DAC42A4355D100C207C8 /* Debug */,
				57D0DAC52A4355D100C207C8 /* Release */,
			);
			defaultConfigurationIsVisible = 0;
			defaultConfigurationName = Release;
		};
/* End XCConfigurationList section */

/* Begin XCRemoteSwiftPackageReference section */
		57D0DAC62A43563700C207C8 /* XCRemoteSwiftPackageReference "kakao-ios-sdk" */ = {
			isa = XCRemoteSwiftPackageReference;
			repositoryURL = "https://github.com/kakao/kakao-ios-sdk";
			requirement = {
				kind = upToNextMajorVersion;
				minimumVersion = 2.0.0;
			};
		};
/* End XCRemoteSwiftPackageReference section */

/* Begin XCSwiftPackageProductDependency section */
		57D0DAC72A43563700C207C8 /* KakaoSDKAuth */ = {
			isa = XCSwiftPackageProductDependency;
			package = 57D0DAC62A43563700C207C8 /* XCRemoteSwiftPackageReference "kakao-ios-sdk" */;
			productName = KakaoSDKAuth;
		};
		57D0DAC92A43563700C207C8 /* KakaoSDKCommon */ = {
			isa = XCSwiftPackageProductDependency;
			package = 57D0DAC62A43563700C207C8 /* XCRemoteSwiftPackageReference "kakao-ios-sdk" */;
			productName = KakaoSDKCommon;
		};
		57D0DACB2A43563700C207C8 /* KakaoSDKUser */ = {
			isa = XCSwiftPackageProductDependency;
			package = 57D0DAC62A43563700C207C8 /* XCRemoteSwiftPackageReference "kakao-ios-sdk" */;
			productName = KakaoSDKUser;
		};
/* End XCSwiftPackageProductDependency section */
	};
	rootObject = 57D0DAA72A4355D000C207C8 /* Project object */;
}
