PODS:
  - NMapsGeometry (1.0.1)
  - NMapsMap (3.16.1):
    - NMapsGeometry
  - Pageboy (3.7.0)
  - Tabman (2.13.0):
    - Pageboy (~> 3.7.0)

DEPENDENCIES:
  - NMapsMap
  - Tabman (~> 2.9)

SPEC REPOS:
  trunk:
    - NMapsGeometry
    - NMapsMap
    - Pageboy
    - Tabman

SPEC CHECKSUMS:
  NMapsGeometry: 53c573ead66466681cf123f99f698dc8071a4b83
  NMapsMap: 926c3a303d381a24bec8da3cd6e198f50af93ae9
  Pageboy: fe646118f7168960058bea7a96038386aa7c0da8
  Tabman: 66ea44c44488327ec20f3c8dc5554a5d22f5908c

PODFILE CHECKSUM: 438516fd129322fbbbed63c7756374520484260f

COCOAPODS: 1.11.3
